
Microsoft Visual Studio Solution File, Format Version 12.00
# Visual Studio 15
VisualStudioVersion = 15.0.27130.2020
MinimumVisualStudioVersion = 10.0.40219.1
Project("{8BC9CEB8-8B4A-11D0-8D11-00A0C91BC942}") = "OpenCV_LBP", "OpenCV_LBP\OpenCV_LBP.vcxproj", "{3446C6C1-0962-4466-AC6B-8600554A18DE}"
EndProject
Global
	GlobalSection(SolutionConfigurationPlatforms) = preSolution
		Debug|x64 = Debug|x64
		Debug|x86 = Debug|x86
		Release|x64 = Release|x64
		Release|x86 = Release|x86
	EndGlobalSection
	GlobalSection(ProjectConfigurationPlatforms) = postSolution
		{3446C6C1-0962-4466-AC6B-8600554A18DE}.Debug|x64.ActiveCfg = Debug|x64
		{3446C6C1-0962-4466-AC6B-8600554A18DE}.Debug|x64.Build.0 = Debug|x64
		{3446C6C1-0962-4466-AC6B-8600554A18DE}.Debug|x86.ActiveCfg = Debug|Win32
		{3446C6C1-0962-4466-AC6B-8600554A18DE}.Debug|x86.Build.0 = Debug|Win32
		{3446C6C1-0962-4466-AC6B-8600554A18DE}.Release|x64.ActiveCfg = Release|x64
		{3446C6C1-0962-4466-AC6B-8600554A18DE}.Release|x64.Build.0 = Release|x64
		{3446C6C1-0962-4466-AC6B-8600554A18DE}.Release|x86.ActiveCfg = Release|Win32
		{3446C6C1-0962-4466-AC6B-8600554A18DE}.Release|x86.Build.0 = Release|Win32
	EndGlobalSection
	GlobalSection(SolutionProperties) = preSolution
		HideSolutionNode = FALSE
	EndGlobalSection
	GlobalSection(ExtensibilityGlobals) = postSolution
		SolutionGuid = {D1CDE271-6EF0-4EA2-8496-A9F59C0E6915}
	EndGlobalSection
EndGlobal
